// !$*UTF8*$!
{
	archiveVersion = 1;
	classes = {
	};
	objectVersion = 56;
	objects = {

/* Begin PBXBuildFile section */
		34140E2C2B94EE80008338D8 /* Carousel.swift in Sources */ = {isa = PBXBuildFile; fileRef = 34140E2B2B94EE80008338D8 /* Carousel.swift */; };
		342E7D3428C9A5F500DC00FC /* GameSheetView.swift in Sources */ = {isa = PBXBuildFile; fileRef = 342E7D3328C9A5F500DC00FC /* GameSheetView.swift */; };
		347485A52A870CE80039FED3 /* ShelfGamesModel.xcdatamodeld in Sources */ = {isa = PBXBuildFile; fileRef = 347485A32A870CE80039FED3 /* ShelfGamesModel.xcdatamodeld */; };
		3486CA852C6FF4F300CB1875 /* CoverKitView.swift in Sources */ = {isa = PBXBuildFile; fileRef = 3486CA842C6FF4EA00CB1875 /* CoverKitView.swift */; };
		348783AE2B53BC3C00B6415B /* SwiftUIMasonry in Frameworks */ = {isa = PBXBuildFile; productRef = 348783AD2B53BC3C00B6415B /* SwiftUIMasonry */; };
		34AFBEAF2B54951700CA4BC4 /* MobyWebView.swift in Sources */ = {isa = PBXBuildFile; fileRef = 34AFBEAE2B54951700CA4BC4 /* MobyWebView.swift */; };
		34C3540E2A88410900BB6B6B /* MobyGamesApi.swift in Sources */ = {isa = PBXBuildFile; fileRef = 34C3540D2A88410900BB6B6B /* MobyGamesApi.swift */; };
		34C354102A88773000BB6B6B /* platform_ids.json in Resources */ = {isa = PBXBuildFile; fileRef = 34C3540F2A88773000BB6B6B /* platform_ids.json */; };
		34C354122A88778400BB6B6B /* PlatformLookup.swift in Sources */ = {isa = PBXBuildFile; fileRef = 34C354112A88778400BB6B6B /* PlatformLookup.swift */; };
		34CB1A0A28E24CDC00AE3AC0 /* DataScannerViewController.swift in Sources */ = {isa = PBXBuildFile; fileRef = 34CB1A0928E24CDC00AE3AC0 /* DataScannerViewController.swift */; };
		34CC8C102A8701F400608807 /* CoreDataManager.swift in Sources */ = {isa = PBXBuildFile; fileRef = 34CC8C0F2A8701F400608807 /* CoreDataManager.swift */; };
		34CC8C132A87049B00608807 /* ShelfModel.swift in Sources */ = {isa = PBXBuildFile; fileRef = 34CC8C122A87049B00608807 /* ShelfModel.swift */; };
		34D672EF2B886A3F00121919 /* StandardMasonry.swift in Sources */ = {isa = PBXBuildFile; fileRef = 34D672EE2B886A3F00121919 /* StandardMasonry.swift */; };
		34D672F52B89310100121919 /* ConsoleListRow.swift in Sources */ = {isa = PBXBuildFile; fileRef = 34D672F42B89310100121919 /* ConsoleListRow.swift */; };
		34D672F72B89326E00121919 /* CustomShelfListRow.swift in Sources */ = {isa = PBXBuildFile; fileRef = 34D672F62B89326E00121919 /* CustomShelfListRow.swift */; };
		34D672FB2B8987FD00121919 /* CatalogueMenu.swift in Sources */ = {isa = PBXBuildFile; fileRef = 34D672FA2B8987FD00121919 /* CatalogueMenu.swift */; };
		34D672FD2B89894000121919 /* HomeMenu.swift in Sources */ = {isa = PBXBuildFile; fileRef = 34D672FC2B89894000121919 /* HomeMenu.swift */; };
		34E7733D2B56180A00C0AC94 /* CloudKit.framework in Frameworks */ = {isa = PBXBuildFile; fileRef = 34E7733C2B56180A00C0AC94 /* CloudKit.framework */; };
		34E8984D2B8A96D100E58703 /* PlatformSelector.swift in Sources */ = {isa = PBXBuildFile; fileRef = 34E8984C2B8A96D100E58703 /* PlatformSelector.swift */; };
		34FE46A728C1B99D00C75B10 /* shelfApp.swift in Sources */ = {isa = PBXBuildFile; fileRef = 34FE46A628C1B99D00C75B10 /* shelfApp.swift */; };
		34FE46AE28C1B99D00C75B10 /* ContentView.swift in Sources */ = {isa = PBXBuildFile; fileRef = 34FE46AD28C1B99D00C75B10 /* ContentView.swift */; };
		34FE46B028C1B99E00C75B10 /* Assets.xcassets in Resources */ = {isa = PBXBuildFile; fileRef = 34FE46AF28C1B99E00C75B10 /* Assets.xcassets */; };
		34FE46B428C1B99E00C75B10 /* Preview Assets.xcassets in Resources */ = {isa = PBXBuildFile; fileRef = 34FE46B328C1B99E00C75B10 /* Preview Assets.xcassets */; };
		34FE46BE28C1B99E00C75B10 /* shelfTests.swift in Sources */ = {isa = PBXBuildFile; fileRef = 34FE46BD28C1B99E00C75B10 /* shelfTests.swift */; };
		34FE46C828C1B99E00C75B10 /* shelfUITests.swift in Sources */ = {isa = PBXBuildFile; fileRef = 34FE46C728C1B99E00C75B10 /* shelfUITests.swift */; };
		34FE46CA28C1B99E00C75B10 /* shelfUITestsLaunchTests.swift in Sources */ = {isa = PBXBuildFile; fileRef = 34FE46C928C1B99E00C75B10 /* shelfUITestsLaunchTests.swift */; };
		34FE46D728C1BC1000C75B10 /* CardView.swift in Sources */ = {isa = PBXBuildFile; fileRef = 34FE46D628C1BC1000C75B10 /* CardView.swift */; };
		B5C3887D2AB7B64200641BA9 /* String+Extensions.swift in Sources */ = {isa = PBXBuildFile; fileRef = B5C3887C2AB7B64200641BA9 /* String+Extensions.swift */; };
		B5D50C112AB4FDD200AE1C14 /* PhotoCard.swift in Sources */ = {isa = PBXBuildFile; fileRef = B5D50C102AB4FDD200AE1C14 /* PhotoCard.swift */; };
		B5D50C152AB642A200AE1C14 /* RootNavigationView.swift in Sources */ = {isa = PBXBuildFile; fileRef = B5D50C142AB642A200AE1C14 /* RootNavigationView.swift */; };
		B5D50C172AB6432000AE1C14 /* CatalogueView.swift in Sources */ = {isa = PBXBuildFile; fileRef = B5D50C162AB6432000AE1C14 /* CatalogueView.swift */; };
/* End PBXBuildFile section */

/* Begin PBXContainerItemProxy section */
		34FE46BA28C1B99E00C75B10 /* PBXContainerItemProxy */ = {
			isa = PBXContainerItemProxy;
			containerPortal = 34FE469B28C1B99D00C75B10 /* Project object */;
			proxyType = 1;
			remoteGlobalIDString = 34FE46A228C1B99D00C75B10;
			remoteInfo = "shelf-proj";
		};
		34FE46C428C1B99E00C75B10 /* PBXContainerItemProxy */ = {
			isa = PBXContainerItemProxy;
			containerPortal = 34FE469B28C1B99D00C75B10 /* Project object */;
			proxyType = 1;
			remoteGlobalIDString = 34FE46A228C1B99D00C75B10;
			remoteInfo = "shelf-proj";
		};
/* End PBXContainerItemProxy section */

/* Begin PBXFileReference section */
		34140E2B2B94EE80008338D8 /* Carousel.swift */ = {isa = PBXFileReference; lastKnownFileType = sourcecode.swift; path = Carousel.swift; sourceTree = "<group>"; };
		342E7D3328C9A5F500DC00FC /* GameSheetView.swift */ = {isa = PBXFileReference; lastKnownFileType = sourcecode.swift; path = GameSheetView.swift; sourceTree = "<group>"; };
		347485A42A870CE80039FED3 /* ShelfGamesModel.xcdatamodel */ = {isa = PBXFileReference; lastKnownFileType = wrapper.xcdatamodel; path = ShelfGamesModel.xcdatamodel; sourceTree = "<group>"; };
		3486CA842C6FF4EA00CB1875 /* CoverKitView.swift */ = {isa = PBXFileReference; lastKnownFileType = sourcecode.swift; path = CoverKitView.swift; sourceTree = "<group>"; };
		34AFBEAE2B54951700CA4BC4 /* MobyWebView.swift */ = {isa = PBXFileReference; lastKnownFileType = sourcecode.swift; path = MobyWebView.swift; sourceTree = "<group>"; };
		34C3540D2A88410900BB6B6B /* MobyGamesApi.swift */ = {isa = PBXFileReference; lastKnownFileType = sourcecode.swift; path = MobyGamesApi.swift; sourceTree = "<group>"; };
		34C3540F2A88773000BB6B6B /* platform_ids.json */ = {isa = PBXFileReference; fileEncoding = 4; lastKnownFileType = text.json; path = platform_ids.json; sourceTree = "<group>"; };
		34C354112A88778400BB6B6B /* PlatformLookup.swift */ = {isa = PBXFileReference; lastKnownFileType = sourcecode.swift; path = PlatformLookup.swift; sourceTree = "<group>"; };
		34CB1A0928E24CDC00AE3AC0 /* DataScannerViewController.swift */ = {isa = PBXFileReference; lastKnownFileType = sourcecode.swift; path = DataScannerViewController.swift; sourceTree = "<group>"; };
		34CB1A0B28E2501500AE3AC0 /* Info.plist */ = {isa = PBXFileReference; lastKnownFileType = text.plist.xml; path = Info.plist; sourceTree = "<group>"; };
		34CC8C0F2A8701F400608807 /* CoreDataManager.swift */ = {isa = PBXFileReference; lastKnownFileType = sourcecode.swift; path = CoreDataManager.swift; sourceTree = "<group>"; };
		34CC8C122A87049B00608807 /* ShelfModel.swift */ = {isa = PBXFileReference; lastKnownFileType = sourcecode.swift; path = ShelfModel.swift; sourceTree = "<group>"; };
		34D672EE2B886A3F00121919 /* StandardMasonry.swift */ = {isa = PBXFileReference; lastKnownFileType = sourcecode.swift; path = StandardMasonry.swift; sourceTree = "<group>"; };
		34D672F42B89310100121919 /* ConsoleListRow.swift */ = {isa = PBXFileReference; lastKnownFileType = sourcecode.swift; path = ConsoleListRow.swift; sourceTree = "<group>"; };
		34D672F62B89326E00121919 /* CustomShelfListRow.swift */ = {isa = PBXFileReference; lastKnownFileType = sourcecode.swift; path = CustomShelfListRow.swift; sourceTree = "<group>"; };
		34D672FA2B8987FD00121919 /* CatalogueMenu.swift */ = {isa = PBXFileReference; lastKnownFileType = sourcecode.swift; path = CatalogueMenu.swift; sourceTree = "<group>"; };
		34D672FC2B89894000121919 /* HomeMenu.swift */ = {isa = PBXFileReference; lastKnownFileType = sourcecode.swift; path = HomeMenu.swift; sourceTree = "<group>"; };
		34E7733C2B56180A00C0AC94 /* CloudKit.framework */ = {isa = PBXFileReference; lastKnownFileType = wrapper.framework; name = CloudKit.framework; path = Platforms/iPhoneOS.platform/Developer/SDKs/iPhoneOS17.0.sdk/System/Library/Frameworks/CloudKit.framework; sourceTree = DEVELOPER_DIR; };
		34E8984C2B8A96D100E58703 /* PlatformSelector.swift */ = {isa = PBXFileReference; lastKnownFileType = sourcecode.swift; path = PlatformSelector.swift; sourceTree = "<group>"; };
		34FE46A328C1B99D00C75B10 /* shelf.app */ = {isa = PBXFileReference; explicitFileType = wrapper.application; includeInIndex = 0; path = shelf.app; sourceTree = BUILT_PRODUCTS_DIR; };
		34FE46A628C1B99D00C75B10 /* shelfApp.swift */ = {isa = PBXFileReference; lastKnownFileType = sourcecode.swift; path = shelfApp.swift; sourceTree = "<group>"; };
		34FE46AD28C1B99D00C75B10 /* ContentView.swift */ = {isa = PBXFileReference; lastKnownFileType = sourcecode.swift; path = ContentView.swift; sourceTree = "<group>"; };
		34FE46AF28C1B99E00C75B10 /* Assets.xcassets */ = {isa = PBXFileReference; lastKnownFileType = folder.assetcatalog; path = Assets.xcassets; sourceTree = "<group>"; };
		34FE46B128C1B99E00C75B10 /* shelf.entitlements */ = {isa = PBXFileReference; lastKnownFileType = text.plist.entitlements; path = shelf.entitlements; sourceTree = "<group>"; };
		34FE46B328C1B99E00C75B10 /* Preview Assets.xcassets */ = {isa = PBXFileReference; lastKnownFileType = folder.assetcatalog; path = "Preview Assets.xcassets"; sourceTree = "<group>"; };
		34FE46B928C1B99E00C75B10 /* shelfTests.xctest */ = {isa = PBXFileReference; explicitFileType = wrapper.cfbundle; includeInIndex = 0; path = shelfTests.xctest; sourceTree = BUILT_PRODUCTS_DIR; };
		34FE46BD28C1B99E00C75B10 /* shelfTests.swift */ = {isa = PBXFileReference; lastKnownFileType = sourcecode.swift; path = shelfTests.swift; sourceTree = "<group>"; };
		34FE46C328C1B99E00C75B10 /* shelfUITests.xctest */ = {isa = PBXFileReference; explicitFileType = wrapper.cfbundle; includeInIndex = 0; path = shelfUITests.xctest; sourceTree = BUILT_PRODUCTS_DIR; };
		34FE46C728C1B99E00C75B10 /* shelfUITests.swift */ = {isa = PBXFileReference; lastKnownFileType = sourcecode.swift; path = shelfUITests.swift; sourceTree = "<group>"; };
		34FE46C928C1B99E00C75B10 /* shelfUITestsLaunchTests.swift */ = {isa = PBXFileReference; lastKnownFileType = sourcecode.swift; path = shelfUITestsLaunchTests.swift; sourceTree = "<group>"; };
		34FE46D628C1BC1000C75B10 /* CardView.swift */ = {isa = PBXFileReference; lastKnownFileType = sourcecode.swift; path = CardView.swift; sourceTree = "<group>"; };
		B5C3887C2AB7B64200641BA9 /* String+Extensions.swift */ = {isa = PBXFileReference; lastKnownFileType = sourcecode.swift; path = "String+Extensions.swift"; sourceTree = "<group>"; };
		B5D50C102AB4FDD200AE1C14 /* PhotoCard.swift */ = {isa = PBXFileReference; lastKnownFileType = sourcecode.swift; path = PhotoCard.swift; sourceTree = "<group>"; };
		B5D50C142AB642A200AE1C14 /* RootNavigationView.swift */ = {isa = PBXFileReference; lastKnownFileType = sourcecode.swift; path = RootNavigationView.swift; sourceTree = "<group>"; };
		B5D50C162AB6432000AE1C14 /* CatalogueView.swift */ = {isa = PBXFileReference; lastKnownFileType = sourcecode.swift; path = CatalogueView.swift; sourceTree = "<group>"; };
/* End PBXFileReference section */

/* Begin PBXFrameworksBuildPhase section */
		34FE46A028C1B99D00C75B10 /* Frameworks */ = {
			isa = PBXFrameworksBuildPhase;
			buildActionMask = 2147483647;
			files = (
				348783AE2B53BC3C00B6415B /* SwiftUIMasonry in Frameworks */,
				34E7733D2B56180A00C0AC94 /* CloudKit.framework in Frameworks */,
			);
			runOnlyForDeploymentPostprocessing = 0;
		};
		34FE46B628C1B99E00C75B10 /* Frameworks */ = {
			isa = PBXFrameworksBuildPhase;
			buildActionMask = 2147483647;
			files = (
			);
			runOnlyForDeploymentPostprocessing = 0;
		};
		34FE46C028C1B99E00C75B10 /* Frameworks */ = {
			isa = PBXFrameworksBuildPhase;
			buildActionMask = 2147483647;
			files = (
			);
			runOnlyForDeploymentPostprocessing = 0;
		};
/* End PBXFrameworksBuildPhase section */

/* Begin PBXGroup section */
		34AFBEAD2B5494F000CA4BC4 /* MobyWebView */ = {
			isa = PBXGroup;
			children = (
				34AFBEAE2B54951700CA4BC4 /* MobyWebView.swift */,
			);
			path = MobyWebView;
			sourceTree = "<group>";
		};
		34C3540C2A8840E500BB6B6B /* APIs */ = {
			isa = PBXGroup;
			children = (
				34C3540D2A88410900BB6B6B /* MobyGamesApi.swift */,
				34C354112A88778400BB6B6B /* PlatformLookup.swift */,
			);
			path = APIs;
			sourceTree = "<group>";
		};
		34CC8C112A87047A00608807 /* Models */ = {
			isa = PBXGroup;
			children = (
				34C3540F2A88773000BB6B6B /* platform_ids.json */,
				347485A32A870CE80039FED3 /* ShelfGamesModel.xcdatamodeld */,
				34CC8C122A87049B00608807 /* ShelfModel.swift */,
			);
			path = Models;
			sourceTree = "<group>";
		};
		34D672ED2B886A3200121919 /* Masonry */ = {
			isa = PBXGroup;
			children = (
				34D672EE2B886A3F00121919 /* StandardMasonry.swift */,
			);
			path = Masonry;
			sourceTree = "<group>";
		};
		34D672F22B8875FA00121919 /* Resources */ = {
			isa = PBXGroup;
			children = (
				34FE46B228C1B99E00C75B10 /* Preview Content */,
				34FE46AF28C1B99E00C75B10 /* Assets.xcassets */,
			);
			path = Resources;
			sourceTree = "<group>";
		};
		34D672F32B8930C900121919 /* Navigation */ = {
			isa = PBXGroup;
			children = (
				34D672F92B89877E00121919 /* ContextMenus */,
				34FE46AD28C1B99D00C75B10 /* ContentView.swift */,
				B5D50C142AB642A200AE1C14 /* RootNavigationView.swift */,
				B5C388792AB6894000641BA9 /* CatalogueView */,
				34D672F82B8934E500121919 /* Home */,
			);
			path = Navigation;
			sourceTree = "<group>";
		};
		34D672F82B8934E500121919 /* Home */ = {
			isa = PBXGroup;
			children = (
				34D672F62B89326E00121919 /* CustomShelfListRow.swift */,
				34D672F42B89310100121919 /* ConsoleListRow.swift */,
			);
			path = Home;
			sourceTree = "<group>";
		};
		34D672F92B89877E00121919 /* ContextMenus */ = {
			isa = PBXGroup;
			children = (
				34D672FA2B8987FD00121919 /* CatalogueMenu.swift */,
				34D672FC2B89894000121919 /* HomeMenu.swift */,
			);
			path = ContextMenus;
			sourceTree = "<group>";
		};
		34E7733B2B56180A00C0AC94 /* Frameworks */ = {
			isa = PBXGroup;
			children = (
				34E7733C2B56180A00C0AC94 /* CloudKit.framework */,
			);
			name = Frameworks;
			sourceTree = "<group>";
		};
		34FE469A28C1B99D00C75B10 = {
			isa = PBXGroup;
			children = (
				34FE46A528C1B99D00C75B10 /* shelf */,
				34FE46BC28C1B99E00C75B10 /* shelfTests */,
				34FE46C628C1B99E00C75B10 /* shelfUITests */,
				34FE46A428C1B99D00C75B10 /* Products */,
				34E7733B2B56180A00C0AC94 /* Frameworks */,
			);
			sourceTree = "<group>";
		};
		34FE46A428C1B99D00C75B10 /* Products */ = {
			isa = PBXGroup;
			children = (
				34FE46A328C1B99D00C75B10 /* shelf.app */,
				34FE46B928C1B99E00C75B10 /* shelfTests.xctest */,
				34FE46C328C1B99E00C75B10 /* shelfUITests.xctest */,
			);
			name = Products;
			sourceTree = "<group>";
		};
		34FE46A528C1B99D00C75B10 /* shelf */ = {
			isa = PBXGroup;
			children = (
				34CB1A0B28E2501500AE3AC0 /* Info.plist */,
				34FE46B128C1B99E00C75B10 /* shelf.entitlements */,
				34D672F22B8875FA00121919 /* Resources */,
				B5C3887B2AB7B62D00641BA9 /* Classes */,
				34C3540C2A8840E500BB6B6B /* APIs */,
				34CC8C112A87047A00608807 /* Models */,
				34FE46A628C1B99D00C75B10 /* shelfApp.swift */,
				B5D50C0C2AB4CDFE00AE1C14 /* Views */,
			);
			path = shelf;
			sourceTree = "<group>";
		};
		34FE46B228C1B99E00C75B10 /* Preview Content */ = {
			isa = PBXGroup;
			children = (
				34FE46B328C1B99E00C75B10 /* Preview Assets.xcassets */,
			);
			path = "Preview Content";
			sourceTree = "<group>";
		};
		34FE46BC28C1B99E00C75B10 /* shelfTests */ = {
			isa = PBXGroup;
			children = (
				34FE46BD28C1B99E00C75B10 /* shelfTests.swift */,
			);
			path = shelfTests;
			sourceTree = "<group>";
		};
		34FE46C628C1B99E00C75B10 /* shelfUITests */ = {
			isa = PBXGroup;
			children = (
				34FE46C728C1B99E00C75B10 /* shelfUITests.swift */,
				34FE46C928C1B99E00C75B10 /* shelfUITestsLaunchTests.swift */,
			);
			path = shelfUITests;
			sourceTree = "<group>";
		};
		B5C388792AB6894000641BA9 /* CatalogueView */ = {
			isa = PBXGroup;
			children = (
				34D672ED2B886A3200121919 /* Masonry */,
				34CB1A0928E24CDC00AE3AC0 /* DataScannerViewController.swift */,
				B5D50C162AB6432000AE1C14 /* CatalogueView.swift */,
				34FE46D628C1BC1000C75B10 /* CardView.swift */,
				34E8984C2B8A96D100E58703 /* PlatformSelector.swift */,
			);
			path = CatalogueView;
			sourceTree = "<group>";
		};
		B5C3887A2AB68BA400641BA9 /* GameSheetView */ = {
			isa = PBXGroup;
			children = (
				3486CA842C6FF4EA00CB1875 /* CoverKitView.swift */,
				342E7D3328C9A5F500DC00FC /* GameSheetView.swift */,
			);
			path = GameSheetView;
			sourceTree = "<group>";
		};
		B5C3887B2AB7B62D00641BA9 /* Classes */ = {
			isa = PBXGroup;
			children = (
				34CC8C0F2A8701F400608807 /* CoreDataManager.swift */,
				B5C3887C2AB7B64200641BA9 /* String+Extensions.swift */,
			);
			path = Classes;
			sourceTree = "<group>";
		};
		B5D50C0C2AB4CDFE00AE1C14 /* Views */ = {
			isa = PBXGroup;
			children = (
				34D672F32B8930C900121919 /* Navigation */,
				34AFBEAD2B5494F000CA4BC4 /* MobyWebView */,
				B5C3887A2AB68BA400641BA9 /* GameSheetView */,
				B5D50C0D2AB4FC2000AE1C14 /* PageView */,
			);
			path = Views;
			sourceTree = "<group>";
		};
		B5D50C0D2AB4FC2000AE1C14 /* PageView */ = {
			isa = PBXGroup;
			children = (
				B5D50C102AB4FDD200AE1C14 /* PhotoCard.swift */,
				34140E2B2B94EE80008338D8 /* Carousel.swift */,
			);
			path = PageView;
			sourceTree = "<group>";
		};
/* End PBXGroup section */

/* Begin PBXNativeTarget section */
		34FE46A228C1B99D00C75B10 /* shelf */ = {
			isa = PBXNativeTarget;
			buildConfigurationList = 34FE46CD28C1B99E00C75B10 /* Build configuration list for PBXNativeTarget "shelf" */;
			buildPhases = (
				34FE469F28C1B99D00C75B10 /* Sources */,
				34FE46A028C1B99D00C75B10 /* Frameworks */,
				34FE46A128C1B99D00C75B10 /* Resources */,
			);
			buildRules = (
			);
			dependencies = (
			);
			name = shelf;
			packageProductDependencies = (
				348783AD2B53BC3C00B6415B /* SwiftUIMasonry */,
			);
			productName = "shelf-proj";
			productReference = 34FE46A328C1B99D00C75B10 /* shelf.app */;
			productType = "com.apple.product-type.application";
		};
		34FE46B828C1B99E00C75B10 /* shelfTests */ = {
			isa = PBXNativeTarget;
			buildConfigurationList = 34FE46D028C1B99E00C75B10 /* Build configuration list for PBXNativeTarget "shelfTests" */;
			buildPhases = (
				34FE46B528C1B99E00C75B10 /* Sources */,
				34FE46B628C1B99E00C75B10 /* Frameworks */,
				34FE46B728C1B99E00C75B10 /* Resources */,
			);
			buildRules = (
			);
			dependencies = (
				34FE46BB28C1B99E00C75B10 /* PBXTargetDependency */,
			);
			name = shelfTests;
			productName = "shelf-projTests";
			productReference = 34FE46B928C1B99E00C75B10 /* shelfTests.xctest */;
			productType = "com.apple.product-type.bundle.unit-test";
		};
		34FE46C228C1B99E00C75B10 /* shelfUITests */ = {
			isa = PBXNativeTarget;
			buildConfigurationList = 34FE46D328C1B99E00C75B10 /* Build configuration list for PBXNativeTarget "shelfUITests" */;
			buildPhases = (
				34FE46BF28C1B99E00C75B10 /* Sources */,
				34FE46C028C1B99E00C75B10 /* Frameworks */,
				34FE46C128C1B99E00C75B10 /* Resources */,
			);
			buildRules = (
			);
			dependencies = (
				34FE46C528C1B99E00C75B10 /* PBXTargetDependency */,
			);
			name = shelfUITests;
			productName = "shelf-projUITests";
			productReference = 34FE46C328C1B99E00C75B10 /* shelfUITests.xctest */;
			productType = "com.apple.product-type.bundle.ui-testing";
		};
/* End PBXNativeTarget section */

/* Begin PBXProject section */
		34FE469B28C1B99D00C75B10 /* Project object */ = {
			isa = PBXProject;
			attributes = {
				BuildIndependentTargetsInParallel = 1;
				LastSwiftUpdateCheck = 1400;
				LastUpgradeCheck = 1500;
				TargetAttributes = {
					34FE46A228C1B99D00C75B10 = {
						CreatedOnToolsVersion = 14.0;
					};
					34FE46B828C1B99E00C75B10 = {
						CreatedOnToolsVersion = 14.0;
						TestTargetID = 34FE46A228C1B99D00C75B10;
					};
					34FE46C228C1B99E00C75B10 = {
						CreatedOnToolsVersion = 14.0;
						TestTargetID = 34FE46A228C1B99D00C75B10;
					};
				};
			};
			buildConfigurationList = 34FE469E28C1B99D00C75B10 /* Build configuration list for PBXProject "shelf" */;
			compatibilityVersion = "Xcode 14.0";
			developmentRegion = en;
			hasScannedForEncodings = 0;
			knownRegions = (
				en,
				Base,
			);
			mainGroup = 34FE469A28C1B99D00C75B10;
			packageReferences = (
				348783AC2B53BC3C00B6415B /* XCRemoteSwiftPackageReference "SwiftUIMasonry" */,
			);
			productRefGroup = 34FE46A428C1B99D00C75B10 /* Products */;
			projectDirPath = "";
			projectRoot = "";
			targets = (
				34FE46A228C1B99D00C75B10 /* shelf */,
				34FE46B828C1B99E00C75B10 /* shelfTests */,
				34FE46C228C1B99E00C75B10 /* shelfUITests */,
			);
		};
/* End PBXProject section */

/* Begin PBXResourcesBuildPhase section */
		34FE46A128C1B99D00C75B10 /* Resources */ = {
			isa = PBXResourcesBuildPhase;
			buildActionMask = 2147483647;
			files = (
				34C354102A88773000BB6B6B /* platform_ids.json in Resources */,
				34FE46B428C1B99E00C75B10 /* Preview Assets.xcassets in Resources */,
				34FE46B028C1B99E00C75B10 /* Assets.xcassets in Resources */,
			);
			runOnlyForDeploymentPostprocessing = 0;
		};
		34FE46B728C1B99E00C75B10 /* Resources */ = {
			isa = PBXResourcesBuildPhase;
			buildActionMask = 2147483647;
			files = (
			);
			runOnlyForDeploymentPostprocessing = 0;
		};
		34FE46C128C1B99E00C75B10 /* Resources */ = {
			isa = PBXResourcesBuildPhase;
			buildActionMask = 2147483647;
			files = (
			);
			runOnlyForDeploymentPostprocessing = 0;
		};
/* End PBXResourcesBuildPhase section */

/* Begin PBXSourcesBuildPhase section */
		34FE469F28C1B99D00C75B10 /* Sources */ = {
			isa = PBXSourcesBuildPhase;
			buildActionMask = 2147483647;
			files = (
				3486CA852C6FF4F300CB1875 /* CoverKitView.swift in Sources */,
				34D672F72B89326E00121919 /* CustomShelfListRow.swift in Sources */,
				34FE46A728C1B99D00C75B10 /* shelfApp.swift in Sources */,
				342E7D3428C9A5F500DC00FC /* GameSheetView.swift in Sources */,
				B5D50C172AB6432000AE1C14 /* CatalogueView.swift in Sources */,
				B5C3887D2AB7B64200641BA9 /* String+Extensions.swift in Sources */,
				34FE46AE28C1B99D00C75B10 /* ContentView.swift in Sources */,
				34E8984D2B8A96D100E58703 /* PlatformSelector.swift in Sources */,
				34D672EF2B886A3F00121919 /* StandardMasonry.swift in Sources */,
				34D672FD2B89894000121919 /* HomeMenu.swift in Sources */,
				34C3540E2A88410900BB6B6B /* MobyGamesApi.swift in Sources */,
				34CB1A0A28E24CDC00AE3AC0 /* DataScannerViewController.swift in Sources */,
				B5D50C152AB642A200AE1C14 /* RootNavigationView.swift in Sources */,
				B5D50C112AB4FDD200AE1C14 /* PhotoCard.swift in Sources */,
				34140E2C2B94EE80008338D8 /* Carousel.swift in Sources */,
				34AFBEAF2B54951700CA4BC4 /* MobyWebView.swift in Sources */,
				347485A52A870CE80039FED3 /* ShelfGamesModel.xcdatamodeld in Sources */,
				34FE46D728C1BC1000C75B10 /* CardView.swift in Sources */,
				34D672F52B89310100121919 /* ConsoleListRow.swift in Sources */,
				34D672FB2B8987FD00121919 /* CatalogueMenu.swift in Sources */,
				34CC8C132A87049B00608807 /* ShelfModel.swift in Sources */,
				34C354122A88778400BB6B6B /* PlatformLookup.swift in Sources */,
				34CC8C102A8701F400608807 /* CoreDataManager.swift in Sources */,
			);
			runOnlyForDeploymentPostprocessing = 0;
		};
		34FE46B528C1B99E00C75B10 /* Sources */ = {
			isa = PBXSourcesBuildPhase;
			buildActionMask = 2147483647;
			files = (
				34FE46BE28C1B99E00C75B10 /* shelfTests.swift in Sources */,
			);
			runOnlyForDeploymentPostprocessing = 0;
		};
		34FE46BF28C1B99E00C75B10 /* Sources */ = {
			isa = PBXSourcesBuildPhase;
			buildActionMask = 2147483647;
			files = (
				34FE46CA28C1B99E00C75B10 /* shelfUITestsLaunchTests.swift in Sources */,
				34FE46C828C1B99E00C75B10 /* shelfUITests.swift in Sources */,
			);
			runOnlyForDeploymentPostprocessing = 0;
		};
/* End PBXSourcesBuildPhase section */

/* Begin PBXTargetDependency section */
		34FE46BB28C1B99E00C75B10 /* PBXTargetDependency */ = {
			isa = PBXTargetDependency;
			target = 34FE46A228C1B99D00C75B10 /* shelf */;
			targetProxy = 34FE46BA28C1B99E00C75B10 /* PBXContainerItemProxy */;
		};
		34FE46C528C1B99E00C75B10 /* PBXTargetDependency */ = {
			isa = PBXTargetDependency;
			target = 34FE46A228C1B99D00C75B10 /* shelf */;
			targetProxy = 34FE46C428C1B99E00C75B10 /* PBXContainerItemProxy */;
		};
/* End PBXTargetDependency section */

/* Begin XCBuildConfiguration section */
		34FE46CB28C1B99E00C75B10 /* Debug */ = {
			isa = XCBuildConfiguration;
			buildSettings = {
				ALWAYS_SEARCH_USER_PATHS = NO;
				CLANG_ANALYZER_NONNULL = YES;
				CLANG_ANALYZER_NUMBER_OBJECT_CONVERSION = YES_AGGRESSIVE;
				CLANG_CXX_LANGUAGE_STANDARD = "gnu++20";
				CLANG_ENABLE_MODULES = YES;
				CLANG_ENABLE_OBJC_ARC = YES;
				CLANG_ENABLE_OBJC_WEAK = YES;
				CLANG_WARN_BLOCK_CAPTURE_AUTORELEASING = YES;
				CLANG_WARN_BOOL_CONVERSION = YES;
				CLANG_WARN_COMMA = YES;
				CLANG_WARN_CONSTANT_CONVERSION = YES;
				CLANG_WARN_DEPRECATED_OBJC_IMPLEMENTATIONS = YES;
				CLANG_WARN_DIRECT_OBJC_ISA_USAGE = YES_ERROR;
				CLANG_WARN_DOCUMENTATION_COMMENTS = YES;
				CLANG_WARN_EMPTY_BODY = YES;
				CLANG_WARN_ENUM_CONVERSION = YES;
				CLANG_WARN_INFINITE_RECURSION = YES;
				CLANG_WARN_INT_CONVERSION = YES;
				CLANG_WARN_NON_LITERAL_NULL_CONVERSION = YES;
				CLANG_WARN_OBJC_IMPLICIT_RETAIN_SELF = YES;
				CLANG_WARN_OBJC_LITERAL_CONVERSION = YES;
				CLANG_WARN_OBJC_ROOT_CLASS = YES_ERROR;
				CLANG_WARN_QUOTED_INCLUDE_IN_FRAMEWORK_HEADER = YES;
				CLANG_WARN_RANGE_LOOP_ANALYSIS = YES;
				CLANG_WARN_STRICT_PROTOTYPES = YES;
				CLANG_WARN_SUSPICIOUS_MOVE = YES;
				CLANG_WARN_UNGUARDED_AVAILABILITY = YES_AGGRESSIVE;
				CLANG_WARN_UNREACHABLE_CODE = YES;
				CLANG_WARN__DUPLICATE_METHOD_MATCH = YES;
				COPY_PHASE_STRIP = NO;
				DEAD_CODE_STRIPPING = YES;
				DEBUG_INFORMATION_FORMAT = dwarf;
				ENABLE_STRICT_OBJC_MSGSEND = YES;
				ENABLE_TESTABILITY = YES;
				ENABLE_USER_SCRIPT_SANDBOXING = YES;
				GCC_C_LANGUAGE_STANDARD = gnu11;
				GCC_DYNAMIC_NO_PIC = NO;
				GCC_NO_COMMON_BLOCKS = YES;
				GCC_OPTIMIZATION_LEVEL = 0;
				GCC_PREPROCESSOR_DEFINITIONS = (
					"DEBUG=1",
					"$(inherited)",
				);
				GCC_WARN_64_TO_32_BIT_CONVERSION = YES;
				GCC_WARN_ABOUT_RETURN_TYPE = YES_ERROR;
				GCC_WARN_UNDECLARED_SELECTOR = YES;
				GCC_WARN_UNINITIALIZED_AUTOS = YES_AGGRESSIVE;
				GCC_WARN_UNUSED_FUNCTION = YES;
				GCC_WARN_UNUSED_VARIABLE = YES;
				MTL_ENABLE_DEBUG_INFO = INCLUDE_SOURCE;
				MTL_FAST_MATH = YES;
				ONLY_ACTIVE_ARCH = YES;
				PRODUCT_NAME = shelf;
				SWIFT_ACTIVE_COMPILATION_CONDITIONS = DEBUG;
				SWIFT_OPTIMIZATION_LEVEL = "-Onone";
			};
			name = Debug;
		};
		34FE46CC28C1B99E00C75B10 /* Release */ = {
			isa = XCBuildConfiguration;
			buildSettings = {
				ALWAYS_SEARCH_USER_PATHS = NO;
				CLANG_ANALYZER_NONNULL = YES;
				CLANG_ANALYZER_NUMBER_OBJECT_CONVERSION = YES_AGGRESSIVE;
				CLANG_CXX_LANGUAGE_STANDARD = "gnu++20";
				CLANG_ENABLE_MODULES = YES;
				CLANG_ENABLE_OBJC_ARC = YES;
				CLANG_ENABLE_OBJC_WEAK = YES;
				CLANG_WARN_BLOCK_CAPTURE_AUTORELEASING = YES;
				CLANG_WARN_BOOL_CONVERSION = YES;
				CLANG_WARN_COMMA = YES;
				CLANG_WARN_CONSTANT_CONVERSION = YES;
				CLANG_WARN_DEPRECATED_OBJC_IMPLEMENTATIONS = YES;
				CLANG_WARN_DIRECT_OBJC_ISA_USAGE = YES_ERROR;
				CLANG_WARN_DOCUMENTATION_COMMENTS = YES;
				CLANG_WARN_EMPTY_BODY = YES;
				CLANG_WARN_ENUM_CONVERSION = YES;
				CLANG_WARN_INFINITE_RECURSION = YES;
				CLANG_WARN_INT_CONVERSION = YES;
				CLANG_WARN_NON_LITERAL_NULL_CONVERSION = YES;
				CLANG_WARN_OBJC_IMPLICIT_RETAIN_SELF = YES;
				CLANG_WARN_OBJC_LITERAL_CONVERSION = YES;
				CLANG_WARN_OBJC_ROOT_CLASS = YES_ERROR;
				CLANG_WARN_QUOTED_INCLUDE_IN_FRAMEWORK_HEADER = YES;
				CLANG_WARN_RANGE_LOOP_ANALYSIS = YES;
				CLANG_WARN_STRICT_PROTOTYPES = YES;
				CLANG_WARN_SUSPICIOUS_MOVE = YES;
				CLANG_WARN_UNGUARDED_AVAILABILITY = YES_AGGRESSIVE;
				CLANG_WARN_UNREACHABLE_CODE = YES;
				CLANG_WARN__DUPLICATE_METHOD_MATCH = YES;
				COPY_PHASE_STRIP = NO;
				DEAD_CODE_STRIPPING = YES;
				DEBUG_INFORMATION_FORMAT = "dwarf-with-dsym";
				ENABLE_NS_ASSERTIONS = NO;
				ENABLE_STRICT_OBJC_MSGSEND = YES;
				ENABLE_USER_SCRIPT_SANDBOXING = YES;
				GCC_C_LANGUAGE_STANDARD = gnu11;
				GCC_NO_COMMON_BLOCKS = YES;
				GCC_WARN_64_TO_32_BIT_CONVERSION = YES;
				GCC_WARN_ABOUT_RETURN_TYPE = YES_ERROR;
				GCC_WARN_UNDECLARED_SELECTOR = YES;
				GCC_WARN_UNINITIALIZED_AUTOS = YES_AGGRESSIVE;
				GCC_WARN_UNUSED_FUNCTION = YES;
				GCC_WARN_UNUSED_VARIABLE = YES;
				MTL_ENABLE_DEBUG_INFO = NO;
				MTL_FAST_MATH = YES;
				PRODUCT_NAME = shelf;
				SWIFT_COMPILATION_MODE = wholemodule;
				SWIFT_OPTIMIZATION_LEVEL = "-O";
			};
			name = Release;
		};
		34FE46CE28C1B99E00C75B10 /* Debug */ = {
			isa = XCBuildConfiguration;
			buildSettings = {
				ASSETCATALOG_COMPILER_APPICON_NAME = AppIcon;
				ASSETCATALOG_COMPILER_GLOBAL_ACCENT_COLOR_NAME = AccentColor;
				ASSETCATALOG_COMPILER_INCLUDE_ALL_APPICON_ASSETS = NO;
				CODE_SIGN_ENTITLEMENTS = shelf/shelf.entitlements;
				CODE_SIGN_IDENTITY = "Apple Development";
				"CODE_SIGN_IDENTITY[sdk=macosx*]" = "Apple Development";
				CODE_SIGN_STYLE = Automatic;
				CURRENT_PROJECT_VERSION = 1;
				DEAD_CODE_STRIPPING = YES;
				DEVELOPMENT_ASSET_PATHS = "\"shelf/Resources/Preview Content\"";
				DEVELOPMENT_TEAM = 65NKDVMMB6;
				ENABLE_HARDENED_RUNTIME = YES;
				ENABLE_PREVIEWS = YES;
				GENERATE_INFOPLIST_FILE = YES;
				INFOPLIST_FILE = shelf/Info.plist;
				INFOPLIST_KEY_CFBundleDisplayName = shelf;
				INFOPLIST_KEY_NSCameraUsageDescription = "We need access to your camera to scan game barcodes and add them to your collection.";
				"INFOPLIST_KEY_UIApplicationSceneManifest_Generation[sdk=iphoneos*]" = YES;
				"INFOPLIST_KEY_UIApplicationSceneManifest_Generation[sdk=iphonesimulator*]" = YES;
				"INFOPLIST_KEY_UIApplicationSupportsIndirectInputEvents[sdk=iphoneos*]" = YES;
				"INFOPLIST_KEY_UIApplicationSupportsIndirectInputEvents[sdk=iphonesimulator*]" = YES;
				"INFOPLIST_KEY_UILaunchScreen_Generation[sdk=iphoneos*]" = YES;
				"INFOPLIST_KEY_UILaunchScreen_Generation[sdk=iphonesimulator*]" = YES;
				"INFOPLIST_KEY_UIStatusBarStyle[sdk=iphoneos*]" = UIStatusBarStyleDefault;
				"INFOPLIST_KEY_UIStatusBarStyle[sdk=iphonesimulator*]" = UIStatusBarStyleDefault;
				INFOPLIST_KEY_UISupportedInterfaceOrientations_iPad = "UIInterfaceOrientationPortrait UIInterfaceOrientationPortraitUpsideDown UIInterfaceOrientationLandscapeLeft UIInterfaceOrientationLandscapeRight";
				INFOPLIST_KEY_UISupportedInterfaceOrientations_iPhone = "UIInterfaceOrientationPortrait UIInterfaceOrientationLandscapeLeft UIInterfaceOrientationLandscapeRight";
				IPHONEOS_DEPLOYMENT_TARGET = 17.0;
				LD_RUNPATH_SEARCH_PATHS = "@executable_path/Frameworks";
				"LD_RUNPATH_SEARCH_PATHS[sdk=macosx*]" = "@executable_path/../Frameworks";
				MACOSX_DEPLOYMENT_TARGET = 12.5;
				MARKETING_VERSION = 1.01;
				PRODUCT_BUNDLE_IDENTIFIER = "extremobemo.shelf-proj";
				PRODUCT_NAME = "$(TARGET_NAME)";
				PROVISIONING_PROFILE_SPECIFIER = "";
				SDKROOT = auto;
				SUPPORTED_PLATFORMS = "iphoneos iphonesimulator xros xrsimulator";
				SUPPORTS_MACCATALYST = NO;
				SUPPORTS_MAC_DESIGNED_FOR_IPHONE_IPAD = YES;
				SWIFT_EMIT_LOC_STRINGS = YES;
				SWIFT_VERSION = 5.0;
				TARGETED_DEVICE_FAMILY = "1,2,7";
			};
			name = Debug;
		};
		34FE46CF28C1B99E00C75B10 /* Release */ = {
			isa = XCBuildConfiguration;
			buildSettings = {
				ASSETCATALOG_COMPILER_APPICON_NAME = AppIcon;
				ASSETCATALOG_COMPILER_GLOBAL_ACCENT_COLOR_NAME = AccentColor;
				ASSETCATALOG_COMPILER_INCLUDE_ALL_APPICON_ASSETS = NO;
				CODE_SIGN_ENTITLEMENTS = shelf/shelf.entitlements;
				CODE_SIGN_IDENTITY = "Apple Development";
				"CODE_SIGN_IDENTITY[sdk=macosx*]" = "Apple Development";
				CODE_SIGN_STYLE = Automatic;
				CURRENT_PROJECT_VERSION = 1;
				DEAD_CODE_STRIPPING = YES;
				DEVELOPMENT_ASSET_PATHS = "\"shelf/Resources/Preview Content\"";
				DEVELOPMENT_TEAM = 65NKDVMMB6;
				ENABLE_HARDENED_RUNTIME = YES;
				ENABLE_PREVIEWS = YES;
				GENERATE_INFOPLIST_FILE = YES;
				INFOPLIST_FILE = shelf/Info.plist;
				INFOPLIST_KEY_CFBundleDisplayName = shelf;
				INFOPLIST_KEY_NSCameraUsageDescription = "We need access to your camera to scan game barcodes and add them to your collection.";
				"INFOPLIST_KEY_UIApplicationSceneManifest_Generation[sdk=iphoneos*]" = YES;
				"INFOPLIST_KEY_UIApplicationSceneManifest_Generation[sdk=iphonesimulator*]" = YES;
				"INFOPLIST_KEY_UIApplicationSupportsIndirectInputEvents[sdk=iphoneos*]" = YES;
				"INFOPLIST_KEY_UIApplicationSupportsIndirectInputEvents[sdk=iphonesimulator*]" = YES;
				"INFOPLIST_KEY_UILaunchScreen_Generation[sdk=iphoneos*]" = YES;
				"INFOPLIST_KEY_UILaunchScreen_Generation[sdk=iphonesimulator*]" = YES;
				"INFOPLIST_KEY_UIStatusBarStyle[sdk=iphoneos*]" = UIStatusBarStyleDefault;
				"INFOPLIST_KEY_UIStatusBarStyle[sdk=iphonesimulator*]" = UIStatusBarStyleDefault;
				INFOPLIST_KEY_UISupportedInterfaceOrientations_iPad = "UIInterfaceOrientationPortrait UIInterfaceOrientationPortraitUpsideDown UIInterfaceOrientationLandscapeLeft UIInterfaceOrientationLandscapeRight";
				INFOPLIST_KEY_UISupportedInterfaceOrientations_iPhone = "UIInterfaceOrientationPortrait UIInterfaceOrientationLandscapeLeft UIInterfaceOrientationLandscapeRight";
				IPHONEOS_DEPLOYMENT_TARGET = 17.0;
				LD_RUNPATH_SEARCH_PATHS = "@executable_path/Frameworks";
				"LD_RUNPATH_SEARCH_PATHS[sdk=macosx*]" = "@executable_path/../Frameworks";
				MACOSX_DEPLOYMENT_TARGET = 12.5;
				MARKETING_VERSION = 1.01;
				PRODUCT_BUNDLE_IDENTIFIER = "extremobemo.shelf-proj";
				PRODUCT_NAME = "$(TARGET_NAME)";
				PROVISIONING_PROFILE_SPECIFIER = "";
				SDKROOT = auto;
				SUPPORTED_PLATFORMS = "iphoneos iphonesimulator xros xrsimulator";
				SUPPORTS_MACCATALYST = NO;
				SUPPORTS_MAC_DESIGNED_FOR_IPHONE_IPAD = YES;
				SWIFT_EMIT_LOC_STRINGS = YES;
				SWIFT_VERSION = 5.0;
				TARGETED_DEVICE_FAMILY = "1,2,7";
			};
			name = Release;
		};
		34FE46D128C1B99E00C75B10 /* Debug */ = {
			isa = XCBuildConfiguration;
			buildSettings = {
				ALWAYS_EMBED_SWIFT_STANDARD_LIBRARIES = YES;
				BUNDLE_LOADER = "$(TEST_HOST)";
				CODE_SIGN_STYLE = Automatic;
				CURRENT_PROJECT_VERSION = 1;
				DEAD_CODE_STRIPPING = YES;
				DEVELOPMENT_TEAM = 65NKDVMMB6;
				GENERATE_INFOPLIST_FILE = YES;
				IPHONEOS_DEPLOYMENT_TARGET = 16.0;
				MACOSX_DEPLOYMENT_TARGET = 12.5;
				MARKETING_VERSION = 1.0;
				PRODUCT_BUNDLE_IDENTIFIER = "extremobemo.shelf-projTests";
				PRODUCT_NAME = "$(TARGET_NAME)";
				SDKROOT = auto;
				SUPPORTED_PLATFORMS = "iphoneos iphonesimulator macosx";
				SWIFT_EMIT_LOC_STRINGS = NO;
				SWIFT_VERSION = 5.0;
				TARGETED_DEVICE_FAMILY = "1,2";
				TEST_HOST = "$(BUILT_PRODUCTS_DIR)/shelf.app/$(BUNDLE_EXECUTABLE_FOLDER_PATH)/shelf";
			};
			name = Debug;
		};
		34FE46D228C1B99E00C75B10 /* Release */ = {
			isa = XCBuildConfiguration;
			buildSettings = {
				ALWAYS_EMBED_SWIFT_STANDARD_LIBRARIES = YES;
				BUNDLE_LOADER = "$(TEST_HOST)";
				CODE_SIGN_STYLE = Automatic;
				CURRENT_PROJECT_VERSION = 1;
				DEAD_CODE_STRIPPING = YES;
				DEVELOPMENT_TEAM = 65NKDVMMB6;
				GENERATE_INFOPLIST_FILE = YES;
				IPHONEOS_DEPLOYMENT_TARGET = 16.0;
				MACOSX_DEPLOYMENT_TARGET = 12.5;
				MARKETING_VERSION = 1.0;
				PRODUCT_BUNDLE_IDENTIFIER = "extremobemo.shelf-projTests";
				PRODUCT_NAME = "$(TARGET_NAME)";
				SDKROOT = auto;
				SUPPORTED_PLATFORMS = "iphoneos iphonesimulator macosx";
				SWIFT_EMIT_LOC_STRINGS = NO;
				SWIFT_VERSION = 5.0;
				TARGETED_DEVICE_FAMILY = "1,2";
				TEST_HOST = "$(BUILT_PRODUCTS_DIR)/shelf.app/$(BUNDLE_EXECUTABLE_FOLDER_PATH)/shelf";
			};
			name = Release;
		};
		34FE46D428C1B99E00C75B10 /* Debug */ = {
			isa = XCBuildConfiguration;
			buildSettings = {
				ALWAYS_EMBED_SWIFT_STANDARD_LIBRARIES = YES;
				CODE_SIGN_STYLE = Automatic;
				CURRENT_PROJECT_VERSION = 1;
				DEAD_CODE_STRIPPING = YES;
				DEVELOPMENT_TEAM = 65NKDVMMB6;
				GENERATE_INFOPLIST_FILE = YES;
				IPHONEOS_DEPLOYMENT_TARGET = 16.0;
				MACOSX_DEPLOYMENT_TARGET = 12.5;
				MARKETING_VERSION = 1.0;
				PRODUCT_BUNDLE_IDENTIFIER = "extremobemo.shelf-projUITests";
				PRODUCT_NAME = "$(TARGET_NAME)";
				SDKROOT = auto;
				SUPPORTED_PLATFORMS = "iphoneos iphonesimulator macosx";
				SWIFT_EMIT_LOC_STRINGS = NO;
				SWIFT_VERSION = 5.0;
				TARGETED_DEVICE_FAMILY = "1,2";
				TEST_TARGET_NAME = "shelf-proj";
			};
			name = Debug;
		};
		34FE46D528C1B99E00C75B10 /* Release */ = {
			isa = XCBuildConfiguration;
			buildSettings = {
				ALWAYS_EMBED_SWIFT_STANDARD_LIBRARIES = YES;
				CODE_SIGN_STYLE = Automatic;
				CURRENT_PROJECT_VERSION = 1;
				DEAD_CODE_STRIPPING = YES;
				DEVELOPMENT_TEAM = 65NKDVMMB6;
				GENERATE_INFOPLIST_FILE = YES;
				IPHONEOS_DEPLOYMENT_TARGET = 16.0;
				MACOSX_DEPLOYMENT_TARGET = 12.5;
				MARKETING_VERSION = 1.0;
				PRODUCT_BUNDLE_IDENTIFIER = "extremobemo.shelf-projUITests";
				PRODUCT_NAME = "$(TARGET_NAME)";
				SDKROOT = auto;
				SUPPORTED_PLATFORMS = "iphoneos iphonesimulator macosx";
				SWIFT_EMIT_LOC_STRINGS = NO;
				SWIFT_VERSION = 5.0;
				TARGETED_DEVICE_FAMILY = "1,2";
				TEST_TARGET_NAME = "shelf-proj";
			};
			name = Release;
		};
/* End XCBuildConfiguration section */

/* Begin XCConfigurationList section */
		34FE469E28C1B99D00C75B10 /* Build configuration list for PBXProject "shelf" */ = {
			isa = XCConfigurationList;
			buildConfigurations = (
				34FE46CB28C1B99E00C75B10 /* Debug */,
				34FE46CC28C1B99E00C75B10 /* Release */,
			);
			defaultConfigurationIsVisible = 0;
			defaultConfigurationName = Release;
		};
		34FE46CD28C1B99E00C75B10 /* Build configuration list for PBXNativeTarget "shelf" */ = {
			isa = XCConfigurationList;
			buildConfigurations = (
				34FE46CE28C1B99E00C75B10 /* Debug */,
				34FE46CF28C1B99E00C75B10 /* Release */,
			);
			defaultConfigurationIsVisible = 0;
			defaultConfigurationName = Release;
		};
		34FE46D028C1B99E00C75B10 /* Build configuration list for PBXNativeTarget "shelfTests" */ = {
			isa = XCConfigurationList;
			buildConfigurations = (
				34FE46D128C1B99E00C75B10 /* Debug */,
				34FE46D228C1B99E00C75B10 /* Release */,
			);
			defaultConfigurationIsVisible = 0;
			defaultConfigurationName = Release;
		};
		34FE46D328C1B99E00C75B10 /* Build configuration list for PBXNativeTarget "shelfUITests" */ = {
			isa = XCConfigurationList;
			buildConfigurations = (
				34FE46D428C1B99E00C75B10 /* Debug */,
				34FE46D528C1B99E00C75B10 /* Release */,
			);
			defaultConfigurationIsVisible = 0;
			defaultConfigurationName = Release;
		};
/* End XCConfigurationList section */

/* Begin XCRemoteSwiftPackageReference section */
		348783AC2B53BC3C00B6415B /* XCRemoteSwiftPackageReference "SwiftUIMasonry" */ = {
			isa = XCRemoteSwiftPackageReference;
			repositoryURL = "https://github.com/extremobemo/SwiftUIMasonry";
			requirement = {
				branch = main;
				kind = branch;
			};
		};
/* End XCRemoteSwiftPackageReference section */

/* Begin XCSwiftPackageProductDependency section */
		348783AD2B53BC3C00B6415B /* SwiftUIMasonry */ = {
			isa = XCSwiftPackageProductDependency;
			package = 348783AC2B53BC3C00B6415B /* XCRemoteSwiftPackageReference "SwiftUIMasonry" */;
			productName = SwiftUIMasonry;
		};
/* End XCSwiftPackageProductDependency section */

/* Begin XCVersionGroup section */
		347485A32A870CE80039FED3 /* ShelfGamesModel.xcdatamodeld */ = {
			isa = XCVersionGroup;
			children = (
				347485A42A870CE80039FED3 /* ShelfGamesModel.xcdatamodel */,
			);
			currentVersion = 347485A42A870CE80039FED3 /* ShelfGamesModel.xcdatamodel */;
			path = ShelfGamesModel.xcdatamodeld;
			sourceTree = "<group>";
			versionGroupType = wrapper.xcdatamodel;
		};
/* End XCVersionGroup section */
	};
	rootObject = 34FE469B28C1B99D00C75B10 /* Project object */;
}
