// !$*UTF8*$!
{
	archiveVersion = 1;
	classes = {
	};
	objectVersion = 56;
	objects = {

/* Begin PBXBuildFile section */
		342E7D3428C9A5F500DC00FC /* GameSheetView.swift in Sources */ = {isa = PBXBuildFile; fileRef = 342E7D3328C9A5F500DC00FC /* GameSheetView.swift */; };
		347CE1F828D69DFA0029B5A9 /* Game+CoreDataClass.swift in Sources */ = {isa = PBXBuildFile; fileRef = 347CE1F628D69DFA0029B5A9 /* Game+CoreDataClass.swift */; };
		347CE1F928D69DFA0029B5A9 /* Game+CoreDataProperties.swift in Sources */ = {isa = PBXBuildFile; fileRef = 347CE1F728D69DFA0029B5A9 /* Game+CoreDataProperties.swift */; };
		34FE46A728C1B99D00C75B10 /* shelf_projApp.swift in Sources */ = {isa = PBXBuildFile; fileRef = 34FE46A628C1B99D00C75B10 /* shelf_projApp.swift */; };
		34FE46A928C1B99D00C75B10 /* Persistence.swift in Sources */ = {isa = PBXBuildFile; fileRef = 34FE46A828C1B99D00C75B10 /* Persistence.swift */; };
		34FE46AC28C1B99D00C75B10 /* shelf_proj.xcdatamodeld in Sources */ = {isa = PBXBuildFile; fileRef = 34FE46AA28C1B99D00C75B10 /* shelf_proj.xcdatamodeld */; };
		34FE46AE28C1B99D00C75B10 /* ContentView.swift in Sources */ = {isa = PBXBuildFile; fileRef = 34FE46AD28C1B99D00C75B10 /* ContentView.swift */; };
		34FE46B028C1B99E00C75B10 /* Assets.xcassets in Resources */ = {isa = PBXBuildFile; fileRef = 34FE46AF28C1B99E00C75B10 /* Assets.xcassets */; };
		34FE46B428C1B99E00C75B10 /* Preview Assets.xcassets in Resources */ = {isa = PBXBuildFile; fileRef = 34FE46B328C1B99E00C75B10 /* Preview Assets.xcassets */; };
		34FE46BE28C1B99E00C75B10 /* shelf_projTests.swift in Sources */ = {isa = PBXBuildFile; fileRef = 34FE46BD28C1B99E00C75B10 /* shelf_projTests.swift */; };
		34FE46C828C1B99E00C75B10 /* shelf_projUITests.swift in Sources */ = {isa = PBXBuildFile; fileRef = 34FE46C728C1B99E00C75B10 /* shelf_projUITests.swift */; };
		34FE46CA28C1B99E00C75B10 /* shelf_projUITestsLaunchTests.swift in Sources */ = {isa = PBXBuildFile; fileRef = 34FE46C928C1B99E00C75B10 /* shelf_projUITestsLaunchTests.swift */; };
		34FE46D728C1BC1000C75B10 /* CardView.swift in Sources */ = {isa = PBXBuildFile; fileRef = 34FE46D628C1BC1000C75B10 /* CardView.swift */; };
/* End PBXBuildFile section */

/* Begin PBXContainerItemProxy section */
		34FE46BA28C1B99E00C75B10 /* PBXContainerItemProxy */ = {
			isa = PBXContainerItemProxy;
			containerPortal = 34FE469B28C1B99D00C75B10 /* Project object */;
			proxyType = 1;
			remoteGlobalIDString = 34FE46A228C1B99D00C75B10;
			remoteInfo = "shelf-proj";
		};
		34FE46C428C1B99E00C75B10 /* PBXContainerItemProxy */ = {
			isa = PBXContainerItemProxy;
			containerPortal = 34FE469B28C1B99D00C75B10 /* Project object */;
			proxyType = 1;
			remoteGlobalIDString = 34FE46A228C1B99D00C75B10;
			remoteInfo = "shelf-proj";
		};
/* End PBXContainerItemProxy section */

/* Begin PBXFileReference section */
		342E7D3328C9A5F500DC00FC /* GameSheetView.swift */ = {isa = PBXFileReference; lastKnownFileType = sourcecode.swift; path = GameSheetView.swift; sourceTree = "<group>"; };
		347CE1F628D69DFA0029B5A9 /* Game+CoreDataClass.swift */ = {isa = PBXFileReference; lastKnownFileType = sourcecode.swift; name = "Game+CoreDataClass.swift"; path = "shelf-proj/Game+CoreDataClass.swift"; sourceTree = "<group>"; };
		347CE1F728D69DFA0029B5A9 /* Game+CoreDataProperties.swift */ = {isa = PBXFileReference; lastKnownFileType = sourcecode.swift; name = "Game+CoreDataProperties.swift"; path = "shelf-proj/Game+CoreDataProperties.swift"; sourceTree = "<group>"; };
		34FE46A328C1B99D00C75B10 /* shelf-proj.app */ = {isa = PBXFileReference; explicitFileType = wrapper.application; includeInIndex = 0; path = "shelf-proj.app"; sourceTree = BUILT_PRODUCTS_DIR; };
		34FE46A628C1B99D00C75B10 /* shelf_projApp.swift */ = {isa = PBXFileReference; lastKnownFileType = sourcecode.swift; path = shelf_projApp.swift; sourceTree = "<group>"; };
		34FE46A828C1B99D00C75B10 /* Persistence.swift */ = {isa = PBXFileReference; lastKnownFileType = sourcecode.swift; path = Persistence.swift; sourceTree = "<group>"; };
		34FE46AB28C1B99D00C75B10 /* shelf_proj.xcdatamodel */ = {isa = PBXFileReference; lastKnownFileType = wrapper.xcdatamodel; path = shelf_proj.xcdatamodel; sourceTree = "<group>"; };
		34FE46AD28C1B99D00C75B10 /* ContentView.swift */ = {isa = PBXFileReference; lastKnownFileType = sourcecode.swift; path = ContentView.swift; sourceTree = "<group>"; };
		34FE46AF28C1B99E00C75B10 /* Assets.xcassets */ = {isa = PBXFileReference; lastKnownFileType = folder.assetcatalog; path = Assets.xcassets; sourceTree = "<group>"; };
		34FE46B128C1B99E00C75B10 /* shelf_proj.entitlements */ = {isa = PBXFileReference; lastKnownFileType = text.plist.entitlements; path = shelf_proj.entitlements; sourceTree = "<group>"; };
		34FE46B328C1B99E00C75B10 /* Preview Assets.xcassets */ = {isa = PBXFileReference; lastKnownFileType = folder.assetcatalog; path = "Preview Assets.xcassets"; sourceTree = "<group>"; };
		34FE46B928C1B99E00C75B10 /* shelf-projTests.xctest */ = {isa = PBXFileReference; explicitFileType = wrapper.cfbundle; includeInIndex = 0; path = "shelf-projTests.xctest"; sourceTree = BUILT_PRODUCTS_DIR; };
		34FE46BD28C1B99E00C75B10 /* shelf_projTests.swift */ = {isa = PBXFileReference; lastKnownFileType = sourcecode.swift; path = shelf_projTests.swift; sourceTree = "<group>"; };
		34FE46C328C1B99E00C75B10 /* shelf-projUITests.xctest */ = {isa = PBXFileReference; explicitFileType = wrapper.cfbundle; includeInIndex = 0; path = "shelf-projUITests.xctest"; sourceTree = BUILT_PRODUCTS_DIR; };
		34FE46C728C1B99E00C75B10 /* shelf_projUITests.swift */ = {isa = PBXFileReference; lastKnownFileType = sourcecode.swift; path = shelf_projUITests.swift; sourceTree = "<group>"; };
		34FE46C928C1B99E00C75B10 /* shelf_projUITestsLaunchTests.swift */ = {isa = PBXFileReference; lastKnownFileType = sourcecode.swift; path = shelf_projUITestsLaunchTests.swift; sourceTree = "<group>"; };
		34FE46D628C1BC1000C75B10 /* CardView.swift */ = {isa = PBXFileReference; lastKnownFileType = sourcecode.swift; path = CardView.swift; sourceTree = "<group>"; };
/* End PBXFileReference section */

/* Begin PBXFrameworksBuildPhase section */
		34FE46A028C1B99D00C75B10 /* Frameworks */ = {
			isa = PBXFrameworksBuildPhase;
			buildActionMask = 2147483647;
			files = (
			);
			runOnlyForDeploymentPostprocessing = 0;
		};
		34FE46B628C1B99E00C75B10 /* Frameworks */ = {
			isa = PBXFrameworksBuildPhase;
			buildActionMask = 2147483647;
			files = (
			);
			runOnlyForDeploymentPostprocessing = 0;
		};
		34FE46C028C1B99E00C75B10 /* Frameworks */ = {
			isa = PBXFrameworksBuildPhase;
			buildActionMask = 2147483647;
			files = (
			);
			runOnlyForDeploymentPostprocessing = 0;
		};
/* End PBXFrameworksBuildPhase section */

/* Begin PBXGroup section */
		34FE469A28C1B99D00C75B10 = {
			isa = PBXGroup;
			children = (
				347CE1F628D69DFA0029B5A9 /* Game+CoreDataClass.swift */,
				347CE1F728D69DFA0029B5A9 /* Game+CoreDataProperties.swift */,
				34FE46A528C1B99D00C75B10 /* shelf-proj */,
				34FE46BC28C1B99E00C75B10 /* shelf-projTests */,
				34FE46C628C1B99E00C75B10 /* shelf-projUITests */,
				34FE46A428C1B99D00C75B10 /* Products */,
			);
			sourceTree = "<group>";
		};
		34FE46A428C1B99D00C75B10 /* Products */ = {
			isa = PBXGroup;
			children = (
				34FE46A328C1B99D00C75B10 /* shelf-proj.app */,
				34FE46B928C1B99E00C75B10 /* shelf-projTests.xctest */,
				34FE46C328C1B99E00C75B10 /* shelf-projUITests.xctest */,
			);
			name = Products;
			sourceTree = "<group>";
		};
		34FE46A528C1B99D00C75B10 /* shelf-proj */ = {
			isa = PBXGroup;
			children = (
				34FE46A628C1B99D00C75B10 /* shelf_projApp.swift */,
				34FE46D628C1BC1000C75B10 /* CardView.swift */,
				34FE46AD28C1B99D00C75B10 /* ContentView.swift */,
				34FE46A828C1B99D00C75B10 /* Persistence.swift */,
				34FE46AF28C1B99E00C75B10 /* Assets.xcassets */,
				34FE46B128C1B99E00C75B10 /* shelf_proj.entitlements */,
				34FE46AA28C1B99D00C75B10 /* shelf_proj.xcdatamodeld */,
				34FE46B228C1B99E00C75B10 /* Preview Content */,
				342E7D3328C9A5F500DC00FC /* GameSheetView.swift */,
			);
			path = "shelf-proj";
			sourceTree = "<group>";
		};
		34FE46B228C1B99E00C75B10 /* Preview Content */ = {
			isa = PBXGroup;
			children = (
				34FE46B328C1B99E00C75B10 /* Preview Assets.xcassets */,
			);
			path = "Preview Content";
			sourceTree = "<group>";
		};
		34FE46BC28C1B99E00C75B10 /* shelf-projTests */ = {
			isa = PBXGroup;
			children = (
				34FE46BD28C1B99E00C75B10 /* shelf_projTests.swift */,
			);
			path = "shelf-projTests";
			sourceTree = "<group>";
		};
		34FE46C628C1B99E00C75B10 /* shelf-projUITests */ = {
			isa = PBXGroup;
			children = (
				34FE46C728C1B99E00C75B10 /* shelf_projUITests.swift */,
				34FE46C928C1B99E00C75B10 /* shelf_projUITestsLaunchTests.swift */,
			);
			path = "shelf-projUITests";
			sourceTree = "<group>";
		};
/* End PBXGroup section */

/* Begin PBXNativeTarget section */
		34FE46A228C1B99D00C75B10 /* shelf-proj */ = {
			isa = PBXNativeTarget;
			buildConfigurationList = 34FE46CD28C1B99E00C75B10 /* Build configuration list for PBXNativeTarget "shelf-proj" */;
			buildPhases = (
				34FE469F28C1B99D00C75B10 /* Sources */,
				34FE46A028C1B99D00C75B10 /* Frameworks */,
				34FE46A128C1B99D00C75B10 /* Resources */,
			);
			buildRules = (
			);
			dependencies = (
			);
			name = "shelf-proj";
			productName = "shelf-proj";
			productReference = 34FE46A328C1B99D00C75B10 /* shelf-proj.app */;
			productType = "com.apple.product-type.application";
		};
		34FE46B828C1B99E00C75B10 /* shelf-projTests */ = {
			isa = PBXNativeTarget;
			buildConfigurationList = 34FE46D028C1B99E00C75B10 /* Build configuration list for PBXNativeTarget "shelf-projTests" */;
			buildPhases = (
				34FE46B528C1B99E00C75B10 /* Sources */,
				34FE46B628C1B99E00C75B10 /* Frameworks */,
				34FE46B728C1B99E00C75B10 /* Resources */,
			);
			buildRules = (
			);
			dependencies = (
				34FE46BB28C1B99E00C75B10 /* PBXTargetDependency */,
			);
			name = "shelf-projTests";
			productName = "shelf-projTests";
			productReference = 34FE46B928C1B99E00C75B10 /* shelf-projTests.xctest */;
			productType = "com.apple.product-type.bundle.unit-test";
		};
		34FE46C228C1B99E00C75B10 /* shelf-projUITests */ = {
			isa = PBXNativeTarget;
			buildConfigurationList = 34FE46D328C1B99E00C75B10 /* Build configuration list for PBXNativeTarget "shelf-projUITests" */;
			buildPhases = (
				34FE46BF28C1B99E00C75B10 /* Sources */,
				34FE46C028C1B99E00C75B10 /* Frameworks */,
				34FE46C128C1B99E00C75B10 /* Resources */,
			);
			buildRules = (
			);
			dependencies = (
				34FE46C528C1B99E00C75B10 /* PBXTargetDependency */,
			);
			name = "shelf-projUITests";
			productName = "shelf-projUITests";
			productReference = 34FE46C328C1B99E00C75B10 /* shelf-projUITests.xctest */;
			productType = "com.apple.product-type.bundle.ui-testing";
		};
/* End PBXNativeTarget section */

/* Begin PBXProject section */
		34FE469B28C1B99D00C75B10 /* Project object */ = {
			isa = PBXProject;
			attributes = {
				BuildIndependentTargetsInParallel = 1;
				LastSwiftUpdateCheck = 1400;
				LastUpgradeCheck = 1400;
				TargetAttributes = {
					34FE46A228C1B99D00C75B10 = {
						CreatedOnToolsVersion = 14.0;
					};
					34FE46B828C1B99E00C75B10 = {
						CreatedOnToolsVersion = 14.0;
						TestTargetID = 34FE46A228C1B99D00C75B10;
					};
					34FE46C228C1B99E00C75B10 = {
						CreatedOnToolsVersion = 14.0;
						TestTargetID = 34FE46A228C1B99D00C75B10;
					};
				};
			};
			buildConfigurationList = 34FE469E28C1B99D00C75B10 /* Build configuration list for PBXProject "shelf-proj" */;
			compatibilityVersion = "Xcode 14.0";
			developmentRegion = en;
			hasScannedForEncodings = 0;
			knownRegions = (
				en,
				Base,
			);
			mainGroup = 34FE469A28C1B99D00C75B10;
			productRefGroup = 34FE46A428C1B99D00C75B10 /* Products */;
			projectDirPath = "";
			projectRoot = "";
			targets = (
				34FE46A228C1B99D00C75B10 /* shelf-proj */,
				34FE46B828C1B99E00C75B10 /* shelf-projTests */,
				34FE46C228C1B99E00C75B10 /* shelf-projUITests */,
			);
		};
/* End PBXProject section */

/* Begin PBXResourcesBuildPhase section */
		34FE46A128C1B99D00C75B10 /* Resources */ = {
			isa = PBXResourcesBuildPhase;
			buildActionMask = 2147483647;
			files = (
				34FE46B428C1B99E00C75B10 /* Preview Assets.xcassets in Resources */,
				34FE46B028C1B99E00C75B10 /* Assets.xcassets in Resources */,
			);
			runOnlyForDeploymentPostprocessing = 0;
		};
		34FE46B728C1B99E00C75B10 /* Resources */ = {
			isa = PBXResourcesBuildPhase;
			buildActionMask = 2147483647;
			files = (
			);
			runOnlyForDeploymentPostprocessing = 0;
		};
		34FE46C128C1B99E00C75B10 /* Resources */ = {
			isa = PBXResourcesBuildPhase;
			buildActionMask = 2147483647;
			files = (
			);
			runOnlyForDeploymentPostprocessing = 0;
		};
/* End PBXResourcesBuildPhase section */

/* Begin PBXSourcesBuildPhase section */
		34FE469F28C1B99D00C75B10 /* Sources */ = {
			isa = PBXSourcesBuildPhase;
			buildActionMask = 2147483647;
			files = (
				34FE46A728C1B99D00C75B10 /* shelf_projApp.swift in Sources */,
				34FE46A928C1B99D00C75B10 /* Persistence.swift in Sources */,
				342E7D3428C9A5F500DC00FC /* GameSheetView.swift in Sources */,
				34FE46AE28C1B99D00C75B10 /* ContentView.swift in Sources */,
				34FE46AC28C1B99D00C75B10 /* shelf_proj.xcdatamodeld in Sources */,
				347CE1F928D69DFA0029B5A9 /* Game+CoreDataProperties.swift in Sources */,
				34FE46D728C1BC1000C75B10 /* CardView.swift in Sources */,
				347CE1F828D69DFA0029B5A9 /* Game+CoreDataClass.swift in Sources */,
			);
			runOnlyForDeploymentPostprocessing = 0;
		};
		34FE46B528C1B99E00C75B10 /* Sources */ = {
			isa = PBXSourcesBuildPhase;
			buildActionMask = 2147483647;
			files = (
				34FE46BE28C1B99E00C75B10 /* shelf_projTests.swift in Sources */,
			);
			runOnlyForDeploymentPostprocessing = 0;
		};
		34FE46BF28C1B99E00C75B10 /* Sources */ = {
			isa = PBXSourcesBuildPhase;
			buildActionMask = 2147483647;
			files = (
				34FE46CA28C1B99E00C75B10 /* shelf_projUITestsLaunchTests.swift in Sources */,
				34FE46C828C1B99E00C75B10 /* shelf_projUITests.swift in Sources */,
			);
			runOnlyForDeploymentPostprocessing = 0;
		};
/* End PBXSourcesBuildPhase section */

/* Begin PBXTargetDependency section */
		34FE46BB28C1B99E00C75B10 /* PBXTargetDependency */ = {
			isa = PBXTargetDependency;
			target = 34FE46A228C1B99D00C75B10 /* shelf-proj */;
			targetProxy = 34FE46BA28C1B99E00C75B10 /* PBXContainerItemProxy */;
		};
		34FE46C528C1B99E00C75B10 /* PBXTargetDependency */ = {
			isa = PBXTargetDependency;
			target = 34FE46A228C1B99D00C75B10 /* shelf-proj */;
			targetProxy = 34FE46C428C1B99E00C75B10 /* PBXContainerItemProxy */;
		};
/* End PBXTargetDependency section */

/* Begin XCBuildConfiguration section */
		34FE46CB28C1B99E00C75B10 /* Debug */ = {
			isa = XCBuildConfiguration;
			buildSettings = {
				ALWAYS_SEARCH_USER_PATHS = NO;
				CLANG_ANALYZER_NONNULL = YES;
				CLANG_ANALYZER_NUMBER_OBJECT_CONVERSION = YES_AGGRESSIVE;
				CLANG_CXX_LANGUAGE_STANDARD = "gnu++20";
				CLANG_ENABLE_MODULES = YES;
				CLANG_ENABLE_OBJC_ARC = YES;
				CLANG_ENABLE_OBJC_WEAK = YES;
				CLANG_WARN_BLOCK_CAPTURE_AUTORELEASING = YES;
				CLANG_WARN_BOOL_CONVERSION = YES;
				CLANG_WARN_COMMA = YES;
				CLANG_WARN_CONSTANT_CONVERSION = YES;
				CLANG_WARN_DEPRECATED_OBJC_IMPLEMENTATIONS = YES;
				CLANG_WARN_DIRECT_OBJC_ISA_USAGE = YES_ERROR;
				CLANG_WARN_DOCUMENTATION_COMMENTS = YES;
				CLANG_WARN_EMPTY_BODY = YES;
				CLANG_WARN_ENUM_CONVERSION = YES;
				CLANG_WARN_INFINITE_RECURSION = YES;
				CLANG_WARN_INT_CONVERSION = YES;
				CLANG_WARN_NON_LITERAL_NULL_CONVERSION = YES;
				CLANG_WARN_OBJC_IMPLICIT_RETAIN_SELF = YES;
				CLANG_WARN_OBJC_LITERAL_CONVERSION = YES;
				CLANG_WARN_OBJC_ROOT_CLASS = YES_ERROR;
				CLANG_WARN_QUOTED_INCLUDE_IN_FRAMEWORK_HEADER = YES;
				CLANG_WARN_RANGE_LOOP_ANALYSIS = YES;
				CLANG_WARN_STRICT_PROTOTYPES = YES;
				CLANG_WARN_SUSPICIOUS_MOVE = YES;
				CLANG_WARN_UNGUARDED_AVAILABILITY = YES_AGGRESSIVE;
				CLANG_WARN_UNREACHABLE_CODE = YES;
				CLANG_WARN__DUPLICATE_METHOD_MATCH = YES;
				COPY_PHASE_STRIP = NO;
				DEBUG_INFORMATION_FORMAT = dwarf;
				ENABLE_STRICT_OBJC_MSGSEND = YES;
				ENABLE_TESTABILITY = YES;
				GCC_C_LANGUAGE_STANDARD = gnu11;
				GCC_DYNAMIC_NO_PIC = NO;
				GCC_NO_COMMON_BLOCKS = YES;
				GCC_OPTIMIZATION_LEVEL = 0;
				GCC_PREPROCESSOR_DEFINITIONS = (
					"DEBUG=1",
					"$(inherited)",
				);
				GCC_WARN_64_TO_32_BIT_CONVERSION = YES;
				GCC_WARN_ABOUT_RETURN_TYPE = YES_ERROR;
				GCC_WARN_UNDECLARED_SELECTOR = YES;
				GCC_WARN_UNINITIALIZED_AUTOS = YES_AGGRESSIVE;
				GCC_WARN_UNUSED_FUNCTION = YES;
				GCC_WARN_UNUSED_VARIABLE = YES;
				MTL_ENABLE_DEBUG_INFO = INCLUDE_SOURCE;
				MTL_FAST_MATH = YES;
				ONLY_ACTIVE_ARCH = YES;
				SWIFT_ACTIVE_COMPILATION_CONDITIONS = DEBUG;
				SWIFT_OPTIMIZATION_LEVEL = "-Onone";
			};
			name = Debug;
		};
		34FE46CC28C1B99E00C75B10 /* Release */ = {
			isa = XCBuildConfiguration;
			buildSettings = {
				ALWAYS_SEARCH_USER_PATHS = NO;
				CLANG_ANALYZER_NONNULL = YES;
				CLANG_ANALYZER_NUMBER_OBJECT_CONVERSION = YES_AGGRESSIVE;
				CLANG_CXX_LANGUAGE_STANDARD = "gnu++20";
				CLANG_ENABLE_MODULES = YES;
				CLANG_ENABLE_OBJC_ARC = YES;
				CLANG_ENABLE_OBJC_WEAK = YES;
				CLANG_WARN_BLOCK_CAPTURE_AUTORELEASING = YES;
				CLANG_WARN_BOOL_CONVERSION = YES;
				CLANG_WARN_COMMA = YES;
				CLANG_WARN_CONSTANT_CONVERSION = YES;
				CLANG_WARN_DEPRECATED_OBJC_IMPLEMENTATIONS = YES;
				CLANG_WARN_DIRECT_OBJC_ISA_USAGE = YES_ERROR;
				CLANG_WARN_DOCUMENTATION_COMMENTS = YES;
				CLANG_WARN_EMPTY_BODY = YES;
				CLANG_WARN_ENUM_CONVERSION = YES;
				CLANG_WARN_INFINITE_RECURSION = YES;
				CLANG_WARN_INT_CONVERSION = YES;
				CLANG_WARN_NON_LITERAL_NULL_CONVERSION = YES;
				CLANG_WARN_OBJC_IMPLICIT_RETAIN_SELF = YES;
				CLANG_WARN_OBJC_LITERAL_CONVERSION = YES;
				CLANG_WARN_OBJC_ROOT_CLASS = YES_ERROR;
				CLANG_WARN_QUOTED_INCLUDE_IN_FRAMEWORK_HEADER = YES;
				CLANG_WARN_RANGE_LOOP_ANALYSIS = YES;
				CLANG_WARN_STRICT_PROTOTYPES = YES;
				CLANG_WARN_SUSPICIOUS_MOVE = YES;
				CLANG_WARN_UNGUARDED_AVAILABILITY = YES_AGGRESSIVE;
				CLANG_WARN_UNREACHABLE_CODE = YES;
				CLANG_WARN__DUPLICATE_METHOD_MATCH = YES;
				COPY_PHASE_STRIP = NO;
				DEBUG_INFORMATION_FORMAT = "dwarf-with-dsym";
				ENABLE_NS_ASSERTIONS = NO;
				ENABLE_STRICT_OBJC_MSGSEND = YES;
				GCC_C_LANGUAGE_STANDARD = gnu11;
				GCC_NO_COMMON_BLOCKS = YES;
				GCC_WARN_64_TO_32_BIT_CONVERSION = YES;
				GCC_WARN_ABOUT_RETURN_TYPE = YES_ERROR;
				GCC_WARN_UNDECLARED_SELECTOR = YES;
				GCC_WARN_UNINITIALIZED_AUTOS = YES_AGGRESSIVE;
				GCC_WARN_UNUSED_FUNCTION = YES;
				GCC_WARN_UNUSED_VARIABLE = YES;
				MTL_ENABLE_DEBUG_INFO = NO;
				MTL_FAST_MATH = YES;
				SWIFT_COMPILATION_MODE = wholemodule;
				SWIFT_OPTIMIZATION_LEVEL = "-O";
			};
			name = Release;
		};
		34FE46CE28C1B99E00C75B10 /* Debug */ = {
			isa = XCBuildConfiguration;
			buildSettings = {
				ASSETCATALOG_COMPILER_APPICON_NAME = AppIcon;
				ASSETCATALOG_COMPILER_GLOBAL_ACCENT_COLOR_NAME = AccentColor;
				CODE_SIGN_ENTITLEMENTS = "shelf-proj/shelf_proj.entitlements";
				CODE_SIGN_STYLE = Automatic;
				CURRENT_PROJECT_VERSION = 1;
				DEVELOPMENT_ASSET_PATHS = "\"shelf-proj/Preview Content\"";
				DEVELOPMENT_TEAM = 65NKDVMMB6;
				ENABLE_PREVIEWS = YES;
				GENERATE_INFOPLIST_FILE = YES;
				"INFOPLIST_KEY_UIApplicationSceneManifest_Generation[sdk=iphoneos*]" = YES;
				"INFOPLIST_KEY_UIApplicationSceneManifest_Generation[sdk=iphonesimulator*]" = YES;
				"INFOPLIST_KEY_UIApplicationSupportsIndirectInputEvents[sdk=iphoneos*]" = YES;
				"INFOPLIST_KEY_UIApplicationSupportsIndirectInputEvents[sdk=iphonesimulator*]" = YES;
				"INFOPLIST_KEY_UILaunchScreen_Generation[sdk=iphoneos*]" = YES;
				"INFOPLIST_KEY_UILaunchScreen_Generation[sdk=iphonesimulator*]" = YES;
				"INFOPLIST_KEY_UIStatusBarStyle[sdk=iphoneos*]" = UIStatusBarStyleDefault;
				"INFOPLIST_KEY_UIStatusBarStyle[sdk=iphonesimulator*]" = UIStatusBarStyleDefault;
				INFOPLIST_KEY_UISupportedInterfaceOrientations_iPad = "UIInterfaceOrientationPortrait UIInterfaceOrientationPortraitUpsideDown UIInterfaceOrientationLandscapeLeft UIInterfaceOrientationLandscapeRight";
				INFOPLIST_KEY_UISupportedInterfaceOrientations_iPhone = "UIInterfaceOrientationPortrait UIInterfaceOrientationLandscapeLeft UIInterfaceOrientationLandscapeRight";
				IPHONEOS_DEPLOYMENT_TARGET = 15.0;
				LD_RUNPATH_SEARCH_PATHS = "@executable_path/Frameworks";
				"LD_RUNPATH_SEARCH_PATHS[sdk=macosx*]" = "@executable_path/../Frameworks";
				MACOSX_DEPLOYMENT_TARGET = 12.5;
				MARKETING_VERSION = 1.0;
				PRODUCT_BUNDLE_IDENTIFIER = "extremobemo.shelf-proj";
				PRODUCT_NAME = "$(TARGET_NAME)";
				SDKROOT = auto;
				SUPPORTED_PLATFORMS = "iphoneos iphonesimulator macosx";
				SWIFT_EMIT_LOC_STRINGS = YES;
				SWIFT_VERSION = 5.0;
				TARGETED_DEVICE_FAMILY = "1,2";
			};
			name = Debug;
		};
		34FE46CF28C1B99E00C75B10 /* Release */ = {
			isa = XCBuildConfiguration;
			buildSettings = {
				ASSETCATALOG_COMPILER_APPICON_NAME = AppIcon;
				ASSETCATALOG_COMPILER_GLOBAL_ACCENT_COLOR_NAME = AccentColor;
				CODE_SIGN_ENTITLEMENTS = "shelf-proj/shelf_proj.entitlements";
				CODE_SIGN_STYLE = Automatic;
				CURRENT_PROJECT_VERSION = 1;
				DEVELOPMENT_ASSET_PATHS = "\"shelf-proj/Preview Content\"";
				DEVELOPMENT_TEAM = 65NKDVMMB6;
				ENABLE_PREVIEWS = YES;
				GENERATE_INFOPLIST_FILE = YES;
				"INFOPLIST_KEY_UIApplicationSceneManifest_Generation[sdk=iphoneos*]" = YES;
				"INFOPLIST_KEY_UIApplicationSceneManifest_Generation[sdk=iphonesimulator*]" = YES;
				"INFOPLIST_KEY_UIApplicationSupportsIndirectInputEvents[sdk=iphoneos*]" = YES;
				"INFOPLIST_KEY_UIApplicationSupportsIndirectInputEvents[sdk=iphonesimulator*]" = YES;
				"INFOPLIST_KEY_UILaunchScreen_Generation[sdk=iphoneos*]" = YES;
				"INFOPLIST_KEY_UILaunchScreen_Generation[sdk=iphonesimulator*]" = YES;
				"INFOPLIST_KEY_UIStatusBarStyle[sdk=iphoneos*]" = UIStatusBarStyleDefault;
				"INFOPLIST_KEY_UIStatusBarStyle[sdk=iphonesimulator*]" = UIStatusBarStyleDefault;
				INFOPLIST_KEY_UISupportedInterfaceOrientations_iPad = "UIInterfaceOrientationPortrait UIInterfaceOrientationPortraitUpsideDown UIInterfaceOrientationLandscapeLeft UIInterfaceOrientationLandscapeRight";
				INFOPLIST_KEY_UISupportedInterfaceOrientations_iPhone = "UIInterfaceOrientationPortrait UIInterfaceOrientationLandscapeLeft UIInterfaceOrientationLandscapeRight";
				IPHONEOS_DEPLOYMENT_TARGET = 15.0;
				LD_RUNPATH_SEARCH_PATHS = "@executable_path/Frameworks";
				"LD_RUNPATH_SEARCH_PATHS[sdk=macosx*]" = "@executable_path/../Frameworks";
				MACOSX_DEPLOYMENT_TARGET = 12.5;
				MARKETING_VERSION = 1.0;
				PRODUCT_BUNDLE_IDENTIFIER = "extremobemo.shelf-proj";
				PRODUCT_NAME = "$(TARGET_NAME)";
				SDKROOT = auto;
				SUPPORTED_PLATFORMS = "iphoneos iphonesimulator macosx";
				SWIFT_EMIT_LOC_STRINGS = YES;
				SWIFT_VERSION = 5.0;
				TARGETED_DEVICE_FAMILY = "1,2";
			};
			name = Release;
		};
		34FE46D128C1B99E00C75B10 /* Debug */ = {
			isa = XCBuildConfiguration;
			buildSettings = {
				ALWAYS_EMBED_SWIFT_STANDARD_LIBRARIES = YES;
				BUNDLE_LOADER = "$(TEST_HOST)";
				CODE_SIGN_STYLE = Automatic;
				CURRENT_PROJECT_VERSION = 1;
				GENERATE_INFOPLIST_FILE = YES;
				IPHONEOS_DEPLOYMENT_TARGET = 16.0;
				MACOSX_DEPLOYMENT_TARGET = 12.5;
				MARKETING_VERSION = 1.0;
				PRODUCT_BUNDLE_IDENTIFIER = "extremobemo.shelf-projTests";
				PRODUCT_NAME = "$(TARGET_NAME)";
				SDKROOT = auto;
				SUPPORTED_PLATFORMS = "iphoneos iphonesimulator macosx";
				SWIFT_EMIT_LOC_STRINGS = NO;
				SWIFT_VERSION = 5.0;
				TARGETED_DEVICE_FAMILY = "1,2";
				TEST_HOST = "$(BUILT_PRODUCTS_DIR)/shelf-proj.app/$(BUNDLE_EXECUTABLE_FOLDER_PATH)/shelf-proj";
			};
			name = Debug;
		};
		34FE46D228C1B99E00C75B10 /* Release */ = {
			isa = XCBuildConfiguration;
			buildSettings = {
				ALWAYS_EMBED_SWIFT_STANDARD_LIBRARIES = YES;
				BUNDLE_LOADER = "$(TEST_HOST)";
				CODE_SIGN_STYLE = Automatic;
				CURRENT_PROJECT_VERSION = 1;
				GENERATE_INFOPLIST_FILE = YES;
				IPHONEOS_DEPLOYMENT_TARGET = 16.0;
				MACOSX_DEPLOYMENT_TARGET = 12.5;
				MARKETING_VERSION = 1.0;
				PRODUCT_BUNDLE_IDENTIFIER = "extremobemo.shelf-projTests";
				PRODUCT_NAME = "$(TARGET_NAME)";
				SDKROOT = auto;
				SUPPORTED_PLATFORMS = "iphoneos iphonesimulator macosx";
				SWIFT_EMIT_LOC_STRINGS = NO;
				SWIFT_VERSION = 5.0;
				TARGETED_DEVICE_FAMILY = "1,2";
				TEST_HOST = "$(BUILT_PRODUCTS_DIR)/shelf-proj.app/$(BUNDLE_EXECUTABLE_FOLDER_PATH)/shelf-proj";
			};
			name = Release;
		};
		34FE46D428C1B99E00C75B10 /* Debug */ = {
			isa = XCBuildConfiguration;
			buildSettings = {
				ALWAYS_EMBED_SWIFT_STANDARD_LIBRARIES = YES;
				CODE_SIGN_STYLE = Automatic;
				CURRENT_PROJECT_VERSION = 1;
				GENERATE_INFOPLIST_FILE = YES;
				IPHONEOS_DEPLOYMENT_TARGET = 16.0;
				MACOSX_DEPLOYMENT_TARGET = 12.5;
				MARKETING_VERSION = 1.0;
				PRODUCT_BUNDLE_IDENTIFIER = "extremobemo.shelf-projUITests";
				PRODUCT_NAME = "$(TARGET_NAME)";
				SDKROOT = auto;
				SUPPORTED_PLATFORMS = "iphoneos iphonesimulator macosx";
				SWIFT_EMIT_LOC_STRINGS = NO;
				SWIFT_VERSION = 5.0;
				TARGETED_DEVICE_FAMILY = "1,2";
				TEST_TARGET_NAME = "shelf-proj";
			};
			name = Debug;
		};
		34FE46D528C1B99E00C75B10 /* Release */ = {
			isa = XCBuildConfiguration;
			buildSettings = {
				ALWAYS_EMBED_SWIFT_STANDARD_LIBRARIES = YES;
				CODE_SIGN_STYLE = Automatic;
				CURRENT_PROJECT_VERSION = 1;
				GENERATE_INFOPLIST_FILE = YES;
				IPHONEOS_DEPLOYMENT_TARGET = 16.0;
				MACOSX_DEPLOYMENT_TARGET = 12.5;
				MARKETING_VERSION = 1.0;
				PRODUCT_BUNDLE_IDENTIFIER = "extremobemo.shelf-projUITests";
				PRODUCT_NAME = "$(TARGET_NAME)";
				SDKROOT = auto;
				SUPPORTED_PLATFORMS = "iphoneos iphonesimulator macosx";
				SWIFT_EMIT_LOC_STRINGS = NO;
				SWIFT_VERSION = 5.0;
				TARGETED_DEVICE_FAMILY = "1,2";
				TEST_TARGET_NAME = "shelf-proj";
			};
			name = Release;
		};
/* End XCBuildConfiguration section */

/* Begin XCConfigurationList section */
		34FE469E28C1B99D00C75B10 /* Build configuration list for PBXProject "shelf-proj" */ = {
			isa = XCConfigurationList;
			buildConfigurations = (
				34FE46CB28C1B99E00C75B10 /* Debug */,
				34FE46CC28C1B99E00C75B10 /* Release */,
			);
			defaultConfigurationIsVisible = 0;
			defaultConfigurationName = Release;
		};
		34FE46CD28C1B99E00C75B10 /* Build configuration list for PBXNativeTarget "shelf-proj" */ = {
			isa = XCConfigurationList;
			buildConfigurations = (
				34FE46CE28C1B99E00C75B10 /* Debug */,
				34FE46CF28C1B99E00C75B10 /* Release */,
			);
			defaultConfigurationIsVisible = 0;
			defaultConfigurationName = Release;
		};
		34FE46D028C1B99E00C75B10 /* Build configuration list for PBXNativeTarget "shelf-projTests" */ = {
			isa = XCConfigurationList;
			buildConfigurations = (
				34FE46D128C1B99E00C75B10 /* Debug */,
				34FE46D228C1B99E00C75B10 /* Release */,
			);
			defaultConfigurationIsVisible = 0;
			defaultConfigurationName = Release;
		};
		34FE46D328C1B99E00C75B10 /* Build configuration list for PBXNativeTarget "shelf-projUITests" */ = {
			isa = XCConfigurationList;
			buildConfigurations = (
				34FE46D428C1B99E00C75B10 /* Debug */,
				34FE46D528C1B99E00C75B10 /* Release */,
			);
			defaultConfigurationIsVisible = 0;
			defaultConfigurationName = Release;
		};
/* End XCConfigurationList section */

/* Begin XCVersionGroup section */
		34FE46AA28C1B99D00C75B10 /* shelf_proj.xcdatamodeld */ = {
			isa = XCVersionGroup;
			children = (
				34FE46AB28C1B99D00C75B10 /* shelf_proj.xcdatamodel */,
			);
			currentVersion = 34FE46AB28C1B99D00C75B10 /* shelf_proj.xcdatamodel */;
			path = shelf_proj.xcdatamodeld;
			sourceTree = "<group>";
			versionGroupType = wrapper.xcdatamodel;
		};
/* End XCVersionGroup section */
	};
	rootObject = 34FE469B28C1B99D00C75B10 /* Project object */;
}
